Microsoft Visual Studio Solution File, Format Version 11.00
# Visual Studio 2008

Project("{A324BCFD-A4DC-21A1-BC58-FEA4AE43ED61}") = "Ferguson VR", "Assembly-CSharp-vs.csproj", "{009A80AF-2718-0552-92CB-16CE027AC586}"
EndProject
Project("{A324BCFD-A4DC-21A1-BC58-FEA4AE43ED61}") = "Ferguson VR", "Assembly-CSharp-Editor-vs.csproj", "{16E7A51B-7884-3CBC-A8D4-78C1B5507EF6}"
EndProject
Global
	GlobalSection(SolutionConfigurationPlatforms) = preSolution
		Debug|Any CPU = Debug|Any CPU
		Release|Any CPU = Release|Any CPU
	EndGlobalSection
	GlobalSection(ProjectConfigurationPlatforms) = postSolution
		{009A80AF-2718-0552-92CB-16CE027AC586}.Debug|Any CPU.ActiveCfg = Debug|Any CPU
		{009A80AF-2718-0552-92CB-16CE027AC586}.Debug|Any CPU.Build.0 = Debug|Any CPU
		{009A80AF-2718-0552-92CB-16CE027AC586}.Release|Any CPU.ActiveCfg = Release|Any CPU
		{009A80AF-2718-0552-92CB-16CE027AC586}.Release|Any CPU.Build.0 = Release|Any CPU
		{16E7A51B-7884-3CBC-A8D4-78C1B5507EF6}.Debug|Any CPU.ActiveCfg = Debug|Any CPU
		{16E7A51B-7884-3CBC-A8D4-78C1B5507EF6}.Debug|Any CPU.Build.0 = Debug|Any CPU
		{16E7A51B-7884-3CBC-A8D4-78C1B5507EF6}.Release|Any CPU.ActiveCfg = Release|Any CPU
		{16E7A51B-7884-3CBC-A8D4-78C1B5507EF6}.Release|Any CPU.Build.0 = Release|Any CPU
	EndGlobalSection
	GlobalSection(SolutionProperties) = preSolution
		HideSolutionNode = FALSE
	EndGlobalSection
																								GlobalSection(MonoDevelopProperties) = preSolution
		StartupItem = Assembly-CSharp.csproj
		Policies = $0
		$0.TextStylePolicy = $1
		$1.inheritsSet = null
		$1.scope = text/x-csharp
		$0.CSharpFormattingPolicy = $2
		$2.inheritsSet = Mono
		$2.inheritsScope = text/x-csharp
		$2.scope = text/x-csharp
		$0.TextStylePolicy = $3
		$3.FileWidth = 120
		$3.TabWidth = 4
		$3.IndentWidth = 4
		$3.EolMarker = Unix
		$3.inheritsSet = Mono
		$3.inheritsScope = text/plain
		$3.scope = text/plain
	EndGlobalSection

EndGlobal
